
Microsoft Visual Studio Solution File, Format Version 12.00
# Visual Studio 15
VisualStudioVersion = 15.0.27703.2042
MinimumVisualStudioVersion = 10.0.40219.1
Project("{FAE04EC0-301F-11D3-BF4B-00C04F79EFBC}") = "LeetCode.Algorithm", "LeetCode.Algorithm\LeetCode.Algorithm.csproj", "{411EABFE-3985-42CD-9414-754D8E59CB7F}"
EndProject
Global
	GlobalSection(SolutionConfigurationPlatforms) = preSolution
		Debug|Any CPU = Debug|Any CPU
		Release|Any CPU = Release|Any CPU
	EndGlobalSection
	GlobalSection(ProjectConfigurationPlatforms) = postSolution
		{411EABFE-3985-42CD-9414-754D8E59CB7F}.Debug|Any CPU.ActiveCfg = Debug|Any CPU
		{411EABFE-3985-42CD-9414-754D8E59CB7F}.Debug|Any CPU.Build.0 = Debug|Any CPU
		{411EABFE-3985-42CD-9414-754D8E59CB7F}.Release|Any CPU.ActiveCfg = Release|Any CPU
		{411EABFE-3985-42CD-9414-754D8E59CB7F}.Release|Any CPU.Build.0 = Release|Any CPU
	EndGlobalSection
	GlobalSection(SolutionProperties) = preSolution
		HideSolutionNode = FALSE
	EndGlobalSection
	GlobalSection(ExtensibilityGlobals) = postSolution
		SolutionGuid = {202EBC83-FDA7-446F-929E-0CEDC1474639}
	EndGlobalSection
EndGlobal
